
Microsoft Visual Studio Solution File, Format Version 12.00
# Visual Studio Version 16
VisualStudioVersion = 16.0.29721.120
MinimumVisualStudioVersion = 10.0.40219.1
Project("{9A19103F-16F7-4668-BE54-9A1E7A4F7556}") = "App", "App\App.csproj", "{11464C2C-E0B6-476E-ABB1-87445E736B76}"
EndProject
Project("{9A19103F-16F7-4668-BE54-9A1E7A4F7556}") = "Hotfix", "Hotfix\Hotfix.csproj", "{E383A68D-1928-46F4-8896-4E99DF331476}"
	ProjectSection(ProjectDependencies) = postProject
		{AAC29F3C-EA8E-497E-8CBA-C6B59ECE432C} = {AAC29F3C-EA8E-497E-8CBA-C6B59ECE432C}
	EndProjectSection
EndProject
Project("{9A19103F-16F7-4668-BE54-9A1E7A4F7556}") = "Runtime", "Runtime\Runtime.csproj", "{85CB09B5-6392-4A13-BAF8-025218BFF496}"
	ProjectSection(ProjectDependencies) = postProject
		{AAC29F3C-EA8E-497E-8CBA-C6B59ECE432C} = {AAC29F3C-EA8E-497E-8CBA-C6B59ECE432C}
	EndProjectSection
EndProject
Project("{2150E333-8FDC-42A3-9474-1A3956D46DE8}") = "ThirdParty", "ThirdParty", "{5D11E730-0CAA-4A47-BA1A-379004F0F6D9}"
EndProject
Project("{9A19103F-16F7-4668-BE54-9A1E7A4F7556}") = "Google.Protobuf", "ThirdParty\Google.Protobuf\Google.Protobuf.csproj", "{02B4D7EC-AC40-4675-963E-53CAB9A86BDE}"
EndProject
Project("{9A19103F-16F7-4668-BE54-9A1E7A4F7556}") = "KcpLib", "ThirdParty\KcpLib\KcpLib.csproj", "{2B432E70-FA05-4D99-8241-237B0E4F5D84}"
EndProject
Project("{9A19103F-16F7-4668-BE54-9A1E7A4F7556}") = "MongoDB.Bson", "ThirdParty\MongoDBDriver\MongoDB.Bson\MongoDB.Bson.csproj", "{78F97DF3-2E7F-4FB5-801D-E9CC4FB859F7}"
EndProject
Project("{2150E333-8FDC-42A3-9474-1A3956D46DE8}") = "MongoDBDriver", "MongoDBDriver", "{BEC42614-36FF-4E7C-BB7D-FDBB59485C06}"
EndProject
Project("{9A19103F-16F7-4668-BE54-9A1E7A4F7556}") = "MongoDB.Driver", "ThirdParty\MongoDBDriver\MongoDB.Driver\MongoDB.Driver.csproj", "{5EA0C606-F612-4975-95B9-A20D2BFB16F7}"
EndProject
Project("{9A19103F-16F7-4668-BE54-9A1E7A4F7556}") = "MongoDB.Driver.Core", "ThirdParty\MongoDBDriver\MongoDB.Driver.Core\MongoDB.Driver.Core.csproj", "{E10D4180-6C14-4EBE-83EA-29FFE64D321C}"
EndProject
Project("{9A19103F-16F7-4668-BE54-9A1E7A4F7556}") = "MongoDB.Driver.GridFS", "ThirdParty\MongoDBDriver\MongoDB.Driver.GridFS\MongoDB.Driver.GridFS.csproj", "{0C335BFA-033C-4C85-B76A-B96065CB69D3}"
EndProject
Project("{9A19103F-16F7-4668-BE54-9A1E7A4F7556}") = "BehaviorDesigner.Runtime", "ThirdParty\BehaviorDesigner.Runtime\BehaviorDesigner.Runtime.csproj", "{AAC29F3C-EA8E-497E-8CBA-C6B59ECE432C}"
EndProject
Project("{9A19103F-16F7-4668-BE54-9A1E7A4F7556}") = "UnityEngine", "ThirdParty\UnityEngine\UnityEngine.csproj", "{3478FE90-92B2-459E-A6D2-89E3F969D97B}"
EndProject
Project("{2150E333-8FDC-42A3-9474-1A3956D46DE8}") = "DCET", "DCET", "{A802E722-6EE6-4A41-9A9C-33BF5B714DCE}"
EndProject
Project("{9A19103F-16F7-4668-BE54-9A1E7A4F7556}") = "Core", "Core\Core.csproj", "{24711FF9-4B42-477F-838A-44F4FFE42139}"
EndProject
Project("{9A19103F-16F7-4668-BE54-9A1E7A4F7556}") = "Config", "Config\Config.csproj", "{621826A7-A96A-49C8-A900-393A9A706EDC}"
	ProjectSection(ProjectDependencies) = postProject
		{78F97DF3-2E7F-4FB5-801D-E9CC4FB859F7} = {78F97DF3-2E7F-4FB5-801D-E9CC4FB859F7}
		{24711FF9-4B42-477F-838A-44F4FFE42139} = {24711FF9-4B42-477F-838A-44F4FFE42139}
	EndProjectSection
EndProject
Project("{9A19103F-16F7-4668-BE54-9A1E7A4F7556}") = "Message", "Message\Message.csproj", "{9625C8BE-19D3-442D-B9CC-ED5BFFE49BA4}"
EndProject
Project("{9A19103F-16F7-4668-BE54-9A1E7A4F7556}") = "CoroutineLock", "CoroutineLock\CoroutineLock.csproj", "{93F60A3F-C0D4-4BB6-A3AC-95589CF1F484}"
EndProject
Project("{9A19103F-16F7-4668-BE54-9A1E7A4F7556}") = "Pathfinding", "Pathfinding\Pathfinding.csproj", "{0D5D82E4-C6F5-4CC0-9FEF-AC22A2A823CC}"
EndProject
Project("{9A19103F-16F7-4668-BE54-9A1E7A4F7556}") = "BehaviorTree", "BehaviorTree\BehaviorTree.csproj", "{DC6E6E6D-C267-4A36-A825-F60AF1ACCC37}"
EndProject
Project("{9A19103F-16F7-4668-BE54-9A1E7A4F7556}") = "Benchmark", "Benchmark\Benchmark.csproj", "{A6ECE995-5FAC-47DA-895A-52FFE47C11A0}"
EndProject
Project("{9A19103F-16F7-4668-BE54-9A1E7A4F7556}") = "DB", "DB\DB.csproj", "{0E211ECB-3ECA-4670-AD25-3D49488067EB}"
EndProject
Project("{FAE04EC0-301F-11D3-BF4B-00C04F79EFBC}") = "Numeric", "Numeric\Numeric.csproj", "{230F33C4-0B84-4332-9AE0-20922D77859F}"
EndProject
Global
	GlobalSection(SolutionConfigurationPlatforms) = preSolution
		Debug|Any CPU = Debug|Any CPU
		Debug|x64 = Debug|x64
		Debug|x86 = Debug|x86
		Release|Any CPU = Release|Any CPU
		Release|x64 = Release|x64
		Release|x86 = Release|x86
	EndGlobalSection
	GlobalSection(ProjectConfigurationPlatforms) = postSolution
		{11464C2C-E0B6-476E-ABB1-87445E736B76}.Debug|Any CPU.ActiveCfg = Debug|Any CPU
		{11464C2C-E0B6-476E-ABB1-87445E736B76}.Debug|Any CPU.Build.0 = Debug|Any CPU
		{11464C2C-E0B6-476E-ABB1-87445E736B76}.Debug|x64.ActiveCfg = Debug|Any CPU
		{11464C2C-E0B6-476E-ABB1-87445E736B76}.Debug|x64.Build.0 = Debug|Any CPU
		{11464C2C-E0B6-476E-ABB1-87445E736B76}.Debug|x86.ActiveCfg = Debug|Any CPU
		{11464C2C-E0B6-476E-ABB1-87445E736B76}.Debug|x86.Build.0 = Debug|Any CPU
		{11464C2C-E0B6-476E-ABB1-87445E736B76}.Release|Any CPU.ActiveCfg = Release|Any CPU
		{11464C2C-E0B6-476E-ABB1-87445E736B76}.Release|Any CPU.Build.0 = Release|Any CPU
		{11464C2C-E0B6-476E-ABB1-87445E736B76}.Release|x64.ActiveCfg = Release|Any CPU
		{11464C2C-E0B6-476E-ABB1-87445E736B76}.Release|x64.Build.0 = Release|Any CPU
		{11464C2C-E0B6-476E-ABB1-87445E736B76}.Release|x86.ActiveCfg = Release|Any CPU
		{11464C2C-E0B6-476E-ABB1-87445E736B76}.Release|x86.Build.0 = Release|Any CPU
		{E383A68D-1928-46F4-8896-4E99DF331476}.Debug|Any CPU.ActiveCfg = Debug|Any CPU
		{E383A68D-1928-46F4-8896-4E99DF331476}.Debug|Any CPU.Build.0 = Debug|Any CPU
		{E383A68D-1928-46F4-8896-4E99DF331476}.Debug|x64.ActiveCfg = Debug|Any CPU
		{E383A68D-1928-46F4-8896-4E99DF331476}.Debug|x64.Build.0 = Debug|Any CPU
		{E383A68D-1928-46F4-8896-4E99DF331476}.Debug|x86.ActiveCfg = Debug|Any CPU
		{E383A68D-1928-46F4-8896-4E99DF331476}.Debug|x86.Build.0 = Debug|Any CPU
		{E383A68D-1928-46F4-8896-4E99DF331476}.Release|Any CPU.ActiveCfg = Release|Any CPU
		{E383A68D-1928-46F4-8896-4E99DF331476}.Release|Any CPU.Build.0 = Release|Any CPU
		{E383A68D-1928-46F4-8896-4E99DF331476}.Release|x64.ActiveCfg = Release|Any CPU
		{E383A68D-1928-46F4-8896-4E99DF331476}.Release|x64.Build.0 = Release|Any CPU
		{E383A68D-1928-46F4-8896-4E99DF331476}.Release|x86.ActiveCfg = Release|Any CPU
		{E383A68D-1928-46F4-8896-4E99DF331476}.Release|x86.Build.0 = Release|Any CPU
		{85CB09B5-6392-4A13-BAF8-025218BFF496}.Debug|Any CPU.ActiveCfg = Debug|Any CPU
		{85CB09B5-6392-4A13-BAF8-025218BFF496}.Debug|Any CPU.Build.0 = Debug|Any CPU
		{85CB09B5-6392-4A13-BAF8-025218BFF496}.Debug|x64.ActiveCfg = Debug|Any CPU
		{85CB09B5-6392-4A13-BAF8-025218BFF496}.Debug|x64.Build.0 = Debug|Any CPU
		{85CB09B5-6392-4A13-BAF8-025218BFF496}.Debug|x86.ActiveCfg = Debug|Any CPU
		{85CB09B5-6392-4A13-BAF8-025218BFF496}.Debug|x86.Build.0 = Debug|Any CPU
		{85CB09B5-6392-4A13-BAF8-025218BFF496}.Release|Any CPU.ActiveCfg = Release|Any CPU
		{85CB09B5-6392-4A13-BAF8-025218BFF496}.Release|Any CPU.Build.0 = Release|Any CPU
		{85CB09B5-6392-4A13-BAF8-025218BFF496}.Release|x64.ActiveCfg = Release|Any CPU
		{85CB09B5-6392-4A13-BAF8-025218BFF496}.Release|x64.Build.0 = Release|Any CPU
		{85CB09B5-6392-4A13-BAF8-025218BFF496}.Release|x86.ActiveCfg = Release|Any CPU
		{85CB09B5-6392-4A13-BAF8-025218BFF496}.Release|x86.Build.0 = Release|Any CPU
		{02B4D7EC-AC40-4675-963E-53CAB9A86BDE}.Debug|Any CPU.ActiveCfg = Debug|Any CPU
		{02B4D7EC-AC40-4675-963E-53CAB9A86BDE}.Debug|Any CPU.Build.0 = Debug|Any CPU
		{02B4D7EC-AC40-4675-963E-53CAB9A86BDE}.Debug|x64.ActiveCfg = Debug|Any CPU
		{02B4D7EC-AC40-4675-963E-53CAB9A86BDE}.Debug|x64.Build.0 = Debug|Any CPU
		{02B4D7EC-AC40-4675-963E-53CAB9A86BDE}.Debug|x86.ActiveCfg = Debug|Any CPU
		{02B4D7EC-AC40-4675-963E-53CAB9A86BDE}.Debug|x86.Build.0 = Debug|Any CPU
		{02B4D7EC-AC40-4675-963E-53CAB9A86BDE}.Release|Any CPU.ActiveCfg = Release|Any CPU
		{02B4D7EC-AC40-4675-963E-53CAB9A86BDE}.Release|Any CPU.Build.0 = Release|Any CPU
		{02B4D7EC-AC40-4675-963E-53CAB9A86BDE}.Release|x64.ActiveCfg = Release|Any CPU
		{02B4D7EC-AC40-4675-963E-53CAB9A86BDE}.Release|x64.Build.0 = Release|Any CPU
		{02B4D7EC-AC40-4675-963E-53CAB9A86BDE}.Release|x86.ActiveCfg = Release|Any CPU
		{02B4D7EC-AC40-4675-963E-53CAB9A86BDE}.Release|x86.Build.0 = Release|Any CPU
		{2B432E70-FA05-4D99-8241-237B0E4F5D84}.Debug|Any CPU.ActiveCfg = Debug|Any CPU
		{2B432E70-FA05-4D99-8241-237B0E4F5D84}.Debug|Any CPU.Build.0 = Debug|Any CPU
		{2B432E70-FA05-4D99-8241-237B0E4F5D84}.Debug|x64.ActiveCfg = Debug|Any CPU
		{2B432E70-FA05-4D99-8241-237B0E4F5D84}.Debug|x64.Build.0 = Debug|Any CPU
		{2B432E70-FA05-4D99-8241-237B0E4F5D84}.Debug|x86.ActiveCfg = Debug|Any CPU
		{2B432E70-FA05-4D99-8241-237B0E4F5D84}.Debug|x86.Build.0 = Debug|Any CPU
		{2B432E70-FA05-4D99-8241-237B0E4F5D84}.Release|Any CPU.ActiveCfg = Release|Any CPU
		{2B432E70-FA05-4D99-8241-237B0E4F5D84}.Release|Any CPU.Build.0 = Release|Any CPU
		{2B432E70-FA05-4D99-8241-237B0E4F5D84}.Release|x64.ActiveCfg = Release|Any CPU
		{2B432E70-FA05-4D99-8241-237B0E4F5D84}.Release|x64.Build.0 = Release|Any CPU
		{2B432E70-FA05-4D99-8241-237B0E4F5D84}.Release|x86.ActiveCfg = Release|Any CPU
		{2B432E70-FA05-4D99-8241-237B0E4F5D84}.Release|x86.Build.0 = Release|Any CPU
		{78F97DF3-2E7F-4FB5-801D-E9CC4FB859F7}.Debug|Any CPU.ActiveCfg = Debug|Any CPU
		{78F97DF3-2E7F-4FB5-801D-E9CC4FB859F7}.Debug|Any CPU.Build.0 = Debug|Any CPU
		{78F97DF3-2E7F-4FB5-801D-E9CC4FB859F7}.Debug|x64.ActiveCfg = Debug|Any CPU
		{78F97DF3-2E7F-4FB5-801D-E9CC4FB859F7}.Debug|x64.Build.0 = Debug|Any CPU
		{78F97DF3-2E7F-4FB5-801D-E9CC4FB859F7}.Debug|x86.ActiveCfg = Debug|Any CPU
		{78F97DF3-2E7F-4FB5-801D-E9CC4FB859F7}.Debug|x86.Build.0 = Debug|Any CPU
		{78F97DF3-2E7F-4FB5-801D-E9CC4FB859F7}.Release|Any CPU.ActiveCfg = Release|Any CPU
		{78F97DF3-2E7F-4FB5-801D-E9CC4FB859F7}.Release|Any CPU.Build.0 = Release|Any CPU
		{78F97DF3-2E7F-4FB5-801D-E9CC4FB859F7}.Release|x64.ActiveCfg = Release|Any CPU
		{78F97DF3-2E7F-4FB5-801D-E9CC4FB859F7}.Release|x64.Build.0 = Release|Any CPU
		{78F97DF3-2E7F-4FB5-801D-E9CC4FB859F7}.Release|x86.ActiveCfg = Release|Any CPU
		{78F97DF3-2E7F-4FB5-801D-E9CC4FB859F7}.Release|x86.Build.0 = Release|Any CPU
		{5EA0C606-F612-4975-95B9-A20D2BFB16F7}.Debug|Any CPU.ActiveCfg = Debug|Any CPU
		{5EA0C606-F612-4975-95B9-A20D2BFB16F7}.Debug|Any CPU.Build.0 = Debug|Any CPU
		{5EA0C606-F612-4975-95B9-A20D2BFB16F7}.Debug|x64.ActiveCfg = Debug|Any CPU
		{5EA0C606-F612-4975-95B9-A20D2BFB16F7}.Debug|x64.Build.0 = Debug|Any CPU
		{5EA0C606-F612-4975-95B9-A20D2BFB16F7}.Debug|x86.ActiveCfg = Debug|Any CPU
		{5EA0C606-F612-4975-95B9-A20D2BFB16F7}.Debug|x86.Build.0 = Debug|Any CPU
		{5EA0C606-F612-4975-95B9-A20D2BFB16F7}.Release|Any CPU.ActiveCfg = Release|Any CPU
		{5EA0C606-F612-4975-95B9-A20D2BFB16F7}.Release|Any CPU.Build.0 = Release|Any CPU
		{5EA0C606-F612-4975-95B9-A20D2BFB16F7}.Release|x64.ActiveCfg = Release|Any CPU
		{5EA0C606-F612-4975-95B9-A20D2BFB16F7}.Release|x64.Build.0 = Release|Any CPU
		{5EA0C606-F612-4975-95B9-A20D2BFB16F7}.Release|x86.ActiveCfg = Release|Any CPU
		{5EA0C606-F612-4975-95B9-A20D2BFB16F7}.Release|x86.Build.0 = Release|Any CPU
		{E10D4180-6C14-4EBE-83EA-29FFE64D321C}.Debug|Any CPU.ActiveCfg = Debug|Any CPU
		{E10D4180-6C14-4EBE-83EA-29FFE64D321C}.Debug|Any CPU.Build.0 = Debug|Any CPU
		{E10D4180-6C14-4EBE-83EA-29FFE64D321C}.Debug|x64.ActiveCfg = Debug|Any CPU
		{E10D4180-6C14-4EBE-83EA-29FFE64D321C}.Debug|x64.Build.0 = Debug|Any CPU
		{E10D4180-6C14-4EBE-83EA-29FFE64D321C}.Debug|x86.ActiveCfg = Debug|Any CPU
		{E10D4180-6C14-4EBE-83EA-29FFE64D321C}.Debug|x86.Build.0 = Debug|Any CPU
		{E10D4180-6C14-4EBE-83EA-29FFE64D321C}.Release|Any CPU.ActiveCfg = Release|Any CPU
		{E10D4180-6C14-4EBE-83EA-29FFE64D321C}.Release|Any CPU.Build.0 = Release|Any CPU
		{E10D4180-6C14-4EBE-83EA-29FFE64D321C}.Release|x64.ActiveCfg = Release|Any CPU
		{E10D4180-6C14-4EBE-83EA-29FFE64D321C}.Release|x64.Build.0 = Release|Any CPU
		{E10D4180-6C14-4EBE-83EA-29FFE64D321C}.Release|x86.ActiveCfg = Release|Any CPU
		{E10D4180-6C14-4EBE-83EA-29FFE64D321C}.Release|x86.Build.0 = Release|Any CPU
		{0C335BFA-033C-4C85-B76A-B96065CB69D3}.Debug|Any CPU.ActiveCfg = Debug|Any CPU
		{0C335BFA-033C-4C85-B76A-B96065CB69D3}.Debug|Any CPU.Build.0 = Debug|Any CPU
		{0C335BFA-033C-4C85-B76A-B96065CB69D3}.Debug|x64.ActiveCfg = Debug|Any CPU
		{0C335BFA-033C-4C85-B76A-B96065CB69D3}.Debug|x64.Build.0 = Debug|Any CPU
		{0C335BFA-033C-4C85-B76A-B96065CB69D3}.Debug|x86.ActiveCfg = Debug|Any CPU
		{0C335BFA-033C-4C85-B76A-B96065CB69D3}.Debug|x86.Build.0 = Debug|Any CPU
		{0C335BFA-033C-4C85-B76A-B96065CB69D3}.Release|Any CPU.ActiveCfg = Release|Any CPU
		{0C335BFA-033C-4C85-B76A-B96065CB69D3}.Release|Any CPU.Build.0 = Release|Any CPU
		{0C335BFA-033C-4C85-B76A-B96065CB69D3}.Release|x64.ActiveCfg = Release|Any CPU
		{0C335BFA-033C-4C85-B76A-B96065CB69D3}.Release|x64.Build.0 = Release|Any CPU
		{0C335BFA-033C-4C85-B76A-B96065CB69D3}.Release|x86.ActiveCfg = Release|Any CPU
		{0C335BFA-033C-4C85-B76A-B96065CB69D3}.Release|x86.Build.0 = Release|Any CPU
		{AAC29F3C-EA8E-497E-8CBA-C6B59ECE432C}.Debug|Any CPU.ActiveCfg = Debug|Any CPU
		{AAC29F3C-EA8E-497E-8CBA-C6B59ECE432C}.Debug|Any CPU.Build.0 = Debug|Any CPU
		{AAC29F3C-EA8E-497E-8CBA-C6B59ECE432C}.Debug|x64.ActiveCfg = Debug|Any CPU
		{AAC29F3C-EA8E-497E-8CBA-C6B59ECE432C}.Debug|x64.Build.0 = Debug|Any CPU
		{AAC29F3C-EA8E-497E-8CBA-C6B59ECE432C}.Debug|x86.ActiveCfg = Debug|Any CPU
		{AAC29F3C-EA8E-497E-8CBA-C6B59ECE432C}.Debug|x86.Build.0 = Debug|Any CPU
		{AAC29F3C-EA8E-497E-8CBA-C6B59ECE432C}.Release|Any CPU.ActiveCfg = Release|Any CPU
		{AAC29F3C-EA8E-497E-8CBA-C6B59ECE432C}.Release|Any CPU.Build.0 = Release|Any CPU
		{AAC29F3C-EA8E-497E-8CBA-C6B59ECE432C}.Release|x64.ActiveCfg = Release|Any CPU
		{AAC29F3C-EA8E-497E-8CBA-C6B59ECE432C}.Release|x64.Build.0 = Release|Any CPU
		{AAC29F3C-EA8E-497E-8CBA-C6B59ECE432C}.Release|x86.ActiveCfg = Release|Any CPU
		{AAC29F3C-EA8E-497E-8CBA-C6B59ECE432C}.Release|x86.Build.0 = Release|Any CPU
		{3478FE90-92B2-459E-A6D2-89E3F969D97B}.Debug|Any CPU.ActiveCfg = Debug|Any CPU
		{3478FE90-92B2-459E-A6D2-89E3F969D97B}.Debug|Any CPU.Build.0 = Debug|Any CPU
		{3478FE90-92B2-459E-A6D2-89E3F969D97B}.Debug|x64.ActiveCfg = Debug|Any CPU
		{3478FE90-92B2-459E-A6D2-89E3F969D97B}.Debug|x64.Build.0 = Debug|Any CPU
		{3478FE90-92B2-459E-A6D2-89E3F969D97B}.Debug|x86.ActiveCfg = Debug|Any CPU
		{3478FE90-92B2-459E-A6D2-89E3F969D97B}.Debug|x86.Build.0 = Debug|Any CPU
		{3478FE90-92B2-459E-A6D2-89E3F969D97B}.Release|Any CPU.ActiveCfg = Release|Any CPU
		{3478FE90-92B2-459E-A6D2-89E3F969D97B}.Release|Any CPU.Build.0 = Release|Any CPU
		{3478FE90-92B2-459E-A6D2-89E3F969D97B}.Release|x64.ActiveCfg = Release|Any CPU
		{3478FE90-92B2-459E-A6D2-89E3F969D97B}.Release|x64.Build.0 = Release|Any CPU
		{3478FE90-92B2-459E-A6D2-89E3F969D97B}.Release|x86.ActiveCfg = Release|Any CPU
		{3478FE90-92B2-459E-A6D2-89E3F969D97B}.Release|x86.Build.0 = Release|Any CPU
		{24711FF9-4B42-477F-838A-44F4FFE42139}.Debug|Any CPU.ActiveCfg = Debug|Any CPU
		{24711FF9-4B42-477F-838A-44F4FFE42139}.Debug|Any CPU.Build.0 = Debug|Any CPU
		{24711FF9-4B42-477F-838A-44F4FFE42139}.Debug|x64.ActiveCfg = Debug|Any CPU
		{24711FF9-4B42-477F-838A-44F4FFE42139}.Debug|x64.Build.0 = Debug|Any CPU
		{24711FF9-4B42-477F-838A-44F4FFE42139}.Debug|x86.ActiveCfg = Debug|Any CPU
		{24711FF9-4B42-477F-838A-44F4FFE42139}.Debug|x86.Build.0 = Debug|Any CPU
		{24711FF9-4B42-477F-838A-44F4FFE42139}.Release|Any CPU.ActiveCfg = Release|Any CPU
		{24711FF9-4B42-477F-838A-44F4FFE42139}.Release|Any CPU.Build.0 = Release|Any CPU
		{24711FF9-4B42-477F-838A-44F4FFE42139}.Release|x64.ActiveCfg = Release|Any CPU
		{24711FF9-4B42-477F-838A-44F4FFE42139}.Release|x64.Build.0 = Release|Any CPU
		{24711FF9-4B42-477F-838A-44F4FFE42139}.Release|x86.ActiveCfg = Release|Any CPU
		{24711FF9-4B42-477F-838A-44F4FFE42139}.Release|x86.Build.0 = Release|Any CPU
		{621826A7-A96A-49C8-A900-393A9A706EDC}.Debug|Any CPU.ActiveCfg = Debug|Any CPU
		{621826A7-A96A-49C8-A900-393A9A706EDC}.Debug|Any CPU.Build.0 = Debug|Any CPU
		{621826A7-A96A-49C8-A900-393A9A706EDC}.Debug|x64.ActiveCfg = Debug|Any CPU
		{621826A7-A96A-49C8-A900-393A9A706EDC}.Debug|x64.Build.0 = Debug|Any CPU
		{621826A7-A96A-49C8-A900-393A9A706EDC}.Debug|x86.ActiveCfg = Debug|Any CPU
		{621826A7-A96A-49C8-A900-393A9A706EDC}.Debug|x86.Build.0 = Debug|Any CPU
		{621826A7-A96A-49C8-A900-393A9A706EDC}.Release|Any CPU.ActiveCfg = Release|Any CPU
		{621826A7-A96A-49C8-A900-393A9A706EDC}.Release|Any CPU.Build.0 = Release|Any CPU
		{621826A7-A96A-49C8-A900-393A9A706EDC}.Release|x64.ActiveCfg = Release|Any CPU
		{621826A7-A96A-49C8-A900-393A9A706EDC}.Release|x64.Build.0 = Release|Any CPU
		{621826A7-A96A-49C8-A900-393A9A706EDC}.Release|x86.ActiveCfg = Release|Any CPU
		{621826A7-A96A-49C8-A900-393A9A706EDC}.Release|x86.Build.0 = Release|Any CPU
		{9625C8BE-19D3-442D-B9CC-ED5BFFE49BA4}.Debug|Any CPU.ActiveCfg = Debug|Any CPU
		{9625C8BE-19D3-442D-B9CC-ED5BFFE49BA4}.Debug|Any CPU.Build.0 = Debug|Any CPU
		{9625C8BE-19D3-442D-B9CC-ED5BFFE49BA4}.Debug|x64.ActiveCfg = Debug|Any CPU
		{9625C8BE-19D3-442D-B9CC-ED5BFFE49BA4}.Debug|x64.Build.0 = Debug|Any CPU
		{9625C8BE-19D3-442D-B9CC-ED5BFFE49BA4}.Debug|x86.ActiveCfg = Debug|Any CPU
		{9625C8BE-19D3-442D-B9CC-ED5BFFE49BA4}.Debug|x86.Build.0 = Debug|Any CPU
		{9625C8BE-19D3-442D-B9CC-ED5BFFE49BA4}.Release|Any CPU.ActiveCfg = Release|Any CPU
		{9625C8BE-19D3-442D-B9CC-ED5BFFE49BA4}.Release|Any CPU.Build.0 = Release|Any CPU
		{9625C8BE-19D3-442D-B9CC-ED5BFFE49BA4}.Release|x64.ActiveCfg = Release|Any CPU
		{9625C8BE-19D3-442D-B9CC-ED5BFFE49BA4}.Release|x64.Build.0 = Release|Any CPU
		{9625C8BE-19D3-442D-B9CC-ED5BFFE49BA4}.Release|x86.ActiveCfg = Release|Any CPU
		{9625C8BE-19D3-442D-B9CC-ED5BFFE49BA4}.Release|x86.Build.0 = Release|Any CPU
		{93F60A3F-C0D4-4BB6-A3AC-95589CF1F484}.Debug|Any CPU.ActiveCfg = Debug|Any CPU
		{93F60A3F-C0D4-4BB6-A3AC-95589CF1F484}.Debug|Any CPU.Build.0 = Debug|Any CPU
		{93F60A3F-C0D4-4BB6-A3AC-95589CF1F484}.Debug|x64.ActiveCfg = Debug|Any CPU
		{93F60A3F-C0D4-4BB6-A3AC-95589CF1F484}.Debug|x64.Build.0 = Debug|Any CPU
		{93F60A3F-C0D4-4BB6-A3AC-95589CF1F484}.Debug|x86.ActiveCfg = Debug|Any CPU
		{93F60A3F-C0D4-4BB6-A3AC-95589CF1F484}.Debug|x86.Build.0 = Debug|Any CPU
		{93F60A3F-C0D4-4BB6-A3AC-95589CF1F484}.Release|Any CPU.ActiveCfg = Release|Any CPU
		{93F60A3F-C0D4-4BB6-A3AC-95589CF1F484}.Release|Any CPU.Build.0 = Release|Any CPU
		{93F60A3F-C0D4-4BB6-A3AC-95589CF1F484}.Release|x64.ActiveCfg = Release|Any CPU
		{93F60A3F-C0D4-4BB6-A3AC-95589CF1F484}.Release|x64.Build.0 = Release|Any CPU
		{93F60A3F-C0D4-4BB6-A3AC-95589CF1F484}.Release|x86.ActiveCfg = Release|Any CPU
		{93F60A3F-C0D4-4BB6-A3AC-95589CF1F484}.Release|x86.Build.0 = Release|Any CPU
		{0D5D82E4-C6F5-4CC0-9FEF-AC22A2A823CC}.Debug|Any CPU.ActiveCfg = Debug|Any CPU
		{0D5D82E4-C6F5-4CC0-9FEF-AC22A2A823CC}.Debug|Any CPU.Build.0 = Debug|Any CPU
		{0D5D82E4-C6F5-4CC0-9FEF-AC22A2A823CC}.Debug|x64.ActiveCfg = Debug|Any CPU
		{0D5D82E4-C6F5-4CC0-9FEF-AC22A2A823CC}.Debug|x64.Build.0 = Debug|Any CPU
		{0D5D82E4-C6F5-4CC0-9FEF-AC22A2A823CC}.Debug|x86.ActiveCfg = Debug|Any CPU
		{0D5D82E4-C6F5-4CC0-9FEF-AC22A2A823CC}.Debug|x86.Build.0 = Debug|Any CPU
		{0D5D82E4-C6F5-4CC0-9FEF-AC22A2A823CC}.Release|Any CPU.ActiveCfg = Release|Any CPU
		{0D5D82E4-C6F5-4CC0-9FEF-AC22A2A823CC}.Release|Any CPU.Build.0 = Release|Any CPU
		{0D5D82E4-C6F5-4CC0-9FEF-AC22A2A823CC}.Release|x64.ActiveCfg = Release|Any CPU
		{0D5D82E4-C6F5-4CC0-9FEF-AC22A2A823CC}.Release|x64.Build.0 = Release|Any CPU
		{0D5D82E4-C6F5-4CC0-9FEF-AC22A2A823CC}.Release|x86.ActiveCfg = Release|Any CPU
		{0D5D82E4-C6F5-4CC0-9FEF-AC22A2A823CC}.Release|x86.Build.0 = Release|Any CPU
		{DC6E6E6D-C267-4A36-A825-F60AF1ACCC37}.Debug|Any CPU.ActiveCfg = Debug|Any CPU
		{DC6E6E6D-C267-4A36-A825-F60AF1ACCC37}.Debug|Any CPU.Build.0 = Debug|Any CPU
		{DC6E6E6D-C267-4A36-A825-F60AF1ACCC37}.Debug|x64.ActiveCfg = Debug|Any CPU
		{DC6E6E6D-C267-4A36-A825-F60AF1ACCC37}.Debug|x64.Build.0 = Debug|Any CPU
		{DC6E6E6D-C267-4A36-A825-F60AF1ACCC37}.Debug|x86.ActiveCfg = Debug|Any CPU
		{DC6E6E6D-C267-4A36-A825-F60AF1ACCC37}.Debug|x86.Build.0 = Debug|Any CPU
		{DC6E6E6D-C267-4A36-A825-F60AF1ACCC37}.Release|Any CPU.ActiveCfg = Release|Any CPU
		{DC6E6E6D-C267-4A36-A825-F60AF1ACCC37}.Release|Any CPU.Build.0 = Release|Any CPU
		{DC6E6E6D-C267-4A36-A825-F60AF1ACCC37}.Release|x64.ActiveCfg = Release|Any CPU
		{DC6E6E6D-C267-4A36-A825-F60AF1ACCC37}.Release|x64.Build.0 = Release|Any CPU
		{DC6E6E6D-C267-4A36-A825-F60AF1ACCC37}.Release|x86.ActiveCfg = Release|Any CPU
		{DC6E6E6D-C267-4A36-A825-F60AF1ACCC37}.Release|x86.Build.0 = Release|Any CPU
		{A6ECE995-5FAC-47DA-895A-52FFE47C11A0}.Debug|Any CPU.ActiveCfg = Debug|Any CPU
		{A6ECE995-5FAC-47DA-895A-52FFE47C11A0}.Debug|Any CPU.Build.0 = Debug|Any CPU
		{A6ECE995-5FAC-47DA-895A-52FFE47C11A0}.Debug|x64.ActiveCfg = Debug|Any CPU
		{A6ECE995-5FAC-47DA-895A-52FFE47C11A0}.Debug|x64.Build.0 = Debug|Any CPU
		{A6ECE995-5FAC-47DA-895A-52FFE47C11A0}.Debug|x86.ActiveCfg = Debug|Any CPU
		{A6ECE995-5FAC-47DA-895A-52FFE47C11A0}.Debug|x86.Build.0 = Debug|Any CPU
		{A6ECE995-5FAC-47DA-895A-52FFE47C11A0}.Release|Any CPU.ActiveCfg = Release|Any CPU
		{A6ECE995-5FAC-47DA-895A-52FFE47C11A0}.Release|Any CPU.Build.0 = Release|Any CPU
		{A6ECE995-5FAC-47DA-895A-52FFE47C11A0}.Release|x64.ActiveCfg = Release|Any CPU
		{A6ECE995-5FAC-47DA-895A-52FFE47C11A0}.Release|x64.Build.0 = Release|Any CPU
		{A6ECE995-5FAC-47DA-895A-52FFE47C11A0}.Release|x86.ActiveCfg = Release|Any CPU
		{A6ECE995-5FAC-47DA-895A-52FFE47C11A0}.Release|x86.Build.0 = Release|Any CPU
		{0E211ECB-3ECA-4670-AD25-3D49488067EB}.Debug|Any CPU.ActiveCfg = Debug|Any CPU
		{0E211ECB-3ECA-4670-AD25-3D49488067EB}.Debug|Any CPU.Build.0 = Debug|Any CPU
		{0E211ECB-3ECA-4670-AD25-3D49488067EB}.Debug|x64.ActiveCfg = Debug|Any CPU
		{0E211ECB-3ECA-4670-AD25-3D49488067EB}.Debug|x64.Build.0 = Debug|Any CPU
		{0E211ECB-3ECA-4670-AD25-3D49488067EB}.Debug|x86.ActiveCfg = Debug|Any CPU
		{0E211ECB-3ECA-4670-AD25-3D49488067EB}.Debug|x86.Build.0 = Debug|Any CPU
		{0E211ECB-3ECA-4670-AD25-3D49488067EB}.Release|Any CPU.ActiveCfg = Release|Any CPU
		{0E211ECB-3ECA-4670-AD25-3D49488067EB}.Release|Any CPU.Build.0 = Release|Any CPU
		{0E211ECB-3ECA-4670-AD25-3D49488067EB}.Release|x64.ActiveCfg = Release|Any CPU
		{0E211ECB-3ECA-4670-AD25-3D49488067EB}.Release|x64.Build.0 = Release|Any CPU
		{0E211ECB-3ECA-4670-AD25-3D49488067EB}.Release|x86.ActiveCfg = Release|Any CPU
		{0E211ECB-3ECA-4670-AD25-3D49488067EB}.Release|x86.Build.0 = Release|Any CPU
		{230F33C4-0B84-4332-9AE0-20922D77859F}.Debug|Any CPU.ActiveCfg = Debug|Any CPU
		{230F33C4-0B84-4332-9AE0-20922D77859F}.Debug|Any CPU.Build.0 = Debug|Any CPU
		{230F33C4-0B84-4332-9AE0-20922D77859F}.Debug|x64.ActiveCfg = Debug|Any CPU
		{230F33C4-0B84-4332-9AE0-20922D77859F}.Debug|x64.Build.0 = Debug|Any CPU
		{230F33C4-0B84-4332-9AE0-20922D77859F}.Debug|x86.ActiveCfg = Debug|Any CPU
		{230F33C4-0B84-4332-9AE0-20922D77859F}.Debug|x86.Build.0 = Debug|Any CPU
		{230F33C4-0B84-4332-9AE0-20922D77859F}.Release|Any CPU.ActiveCfg = Release|Any CPU
		{230F33C4-0B84-4332-9AE0-20922D77859F}.Release|Any CPU.Build.0 = Release|Any CPU
		{230F33C4-0B84-4332-9AE0-20922D77859F}.Release|x64.ActiveCfg = Release|Any CPU
		{230F33C4-0B84-4332-9AE0-20922D77859F}.Release|x64.Build.0 = Release|Any CPU
		{230F33C4-0B84-4332-9AE0-20922D77859F}.Release|x86.ActiveCfg = Release|Any CPU
		{230F33C4-0B84-4332-9AE0-20922D77859F}.Release|x86.Build.0 = Release|Any CPU
	EndGlobalSection
	GlobalSection(SolutionProperties) = preSolution
		HideSolutionNode = FALSE
	EndGlobalSection
	GlobalSection(NestedProjects) = preSolution
		{02B4D7EC-AC40-4675-963E-53CAB9A86BDE} = {5D11E730-0CAA-4A47-BA1A-379004F0F6D9}
		{2B432E70-FA05-4D99-8241-237B0E4F5D84} = {5D11E730-0CAA-4A47-BA1A-379004F0F6D9}
		{78F97DF3-2E7F-4FB5-801D-E9CC4FB859F7} = {BEC42614-36FF-4E7C-BB7D-FDBB59485C06}
		{BEC42614-36FF-4E7C-BB7D-FDBB59485C06} = {5D11E730-0CAA-4A47-BA1A-379004F0F6D9}
		{5EA0C606-F612-4975-95B9-A20D2BFB16F7} = {BEC42614-36FF-4E7C-BB7D-FDBB59485C06}
		{E10D4180-6C14-4EBE-83EA-29FFE64D321C} = {BEC42614-36FF-4E7C-BB7D-FDBB59485C06}
		{0C335BFA-033C-4C85-B76A-B96065CB69D3} = {BEC42614-36FF-4E7C-BB7D-FDBB59485C06}
		{AAC29F3C-EA8E-497E-8CBA-C6B59ECE432C} = {5D11E730-0CAA-4A47-BA1A-379004F0F6D9}
		{3478FE90-92B2-459E-A6D2-89E3F969D97B} = {5D11E730-0CAA-4A47-BA1A-379004F0F6D9}
		{24711FF9-4B42-477F-838A-44F4FFE42139} = {A802E722-6EE6-4A41-9A9C-33BF5B714DCE}
		{621826A7-A96A-49C8-A900-393A9A706EDC} = {A802E722-6EE6-4A41-9A9C-33BF5B714DCE}
		{9625C8BE-19D3-442D-B9CC-ED5BFFE49BA4} = {A802E722-6EE6-4A41-9A9C-33BF5B714DCE}
		{93F60A3F-C0D4-4BB6-A3AC-95589CF1F484} = {A802E722-6EE6-4A41-9A9C-33BF5B714DCE}
		{0D5D82E4-C6F5-4CC0-9FEF-AC22A2A823CC} = {A802E722-6EE6-4A41-9A9C-33BF5B714DCE}
		{DC6E6E6D-C267-4A36-A825-F60AF1ACCC37} = {A802E722-6EE6-4A41-9A9C-33BF5B714DCE}
		{0E211ECB-3ECA-4670-AD25-3D49488067EB} = {A802E722-6EE6-4A41-9A9C-33BF5B714DCE}
		{230F33C4-0B84-4332-9AE0-20922D77859F} = {A802E722-6EE6-4A41-9A9C-33BF5B714DCE}
	EndGlobalSection
	GlobalSection(ExtensibilityGlobals) = postSolution
		SolutionGuid = {EE120158-643A-409C-B8F2-5E654E4D6D70}
	EndGlobalSection
EndGlobal
